
Microsoft Visual Studio Solution File, Format Version 12.00
# Visual Studio Version 17
VisualStudioVersion = 17.3.32929.385
MinimumVisualStudioVersion = 10.0.40219.1
Project("{FAE04EC0-301F-11D3-BF4B-00C04F79EFBC}") = "Unpacker", "Unpacker\Unpacker.csproj", "{2B1E0653-CD6C-4512-8E55-DF1EB8F9B8D2}"
EndProject
Global
	GlobalSection(SolutionConfigurationPlatforms) = preSolution
		Debug|Any CPU = Debug|Any CPU
		Debug|x86 = Debug|x86
		Release|Any CPU = Release|Any CPU
		Release|x86 = Release|x86
	EndGlobalSection
	GlobalSection(ProjectConfigurationPlatforms) = postSolution
		{2B1E0653-CD6C-4512-8E55-DF1EB8F9B8D2}.Debug|Any CPU.ActiveCfg = Debug|Any CPU
		{2B1E0653-CD6C-4512-8E55-DF1EB8F9B8D2}.Debug|Any CPU.Build.0 = Debug|Any CPU
		{2B1E0653-CD6C-4512-8E55-DF1EB8F9B8D2}.Debug|x86.ActiveCfg = Debug|Any CPU
		{2B1E0653-CD6C-4512-8E55-DF1EB8F9B8D2}.Debug|x86.Build.0 = Debug|Any CPU
		{2B1E0653-CD6C-4512-8E55-DF1EB8F9B8D2}.Release|Any CPU.ActiveCfg = Release|Any CPU
		{2B1E0653-CD6C-4512-8E55-DF1EB8F9B8D2}.Release|Any CPU.Build.0 = Release|Any CPU
		{2B1E0653-CD6C-4512-8E55-DF1EB8F9B8D2}.Release|x86.ActiveCfg = Release|Any CPU
		{2B1E0653-CD6C-4512-8E55-DF1EB8F9B8D2}.Release|x86.Build.0 = Release|Any CPU
	EndGlobalSection
	GlobalSection(SolutionProperties) = preSolution
		HideSolutionNode = FALSE
	EndGlobalSection
	GlobalSection(ExtensibilityGlobals) = postSolution
		SolutionGuid = {BF865036-AC7C-476A-AB58-92C10C4778A9}
	EndGlobalSection
EndGlobal
